
Microsoft Visual Studio Solution File, Format Version 12.00
# Visual Studio Version 17
VisualStudioVersion = 17.3.32819.101
MinimumVisualStudioVersion = 10.0.40219.1
Project("{FAE04EC0-301F-11D3-BF4B-00C04F79EFBC}") = "TheEditor", "TheEditor\TheEditor.csproj", "{3558FFB8-4734-43A5-BCA5-0C9E3272082B}"
EndProject
Global
	GlobalSection(SolutionConfigurationPlatforms) = preSolution
		Debug|Any CPU = Debug|Any CPU
		Release|Any CPU = Release|Any CPU
	EndGlobalSection
	GlobalSection(ProjectConfigurationPlatforms) = postSolution
		{3558FFB8-4734-43A5-BCA5-0C9E3272082B}.Debug|Any CPU.ActiveCfg = Debug|Any CPU
		{3558FFB8-4734-43A5-BCA5-0C9E3272082B}.Debug|Any CPU.Build.0 = Debug|Any CPU
		{3558FFB8-4734-43A5-BCA5-0C9E3272082B}.Release|Any CPU.ActiveCfg = Release|Any CPU
		{3558FFB8-4734-43A5-BCA5-0C9E3272082B}.Release|Any CPU.Build.0 = Release|Any CPU
	EndGlobalSection
	GlobalSection(SolutionProperties) = preSolution
		HideSolutionNode = FALSE
	EndGlobalSection
	GlobalSection(ExtensibilityGlobals) = postSolution
		SolutionGuid = {9ED1D1CB-675F-450C-9A0B-5A47F4504018}
	EndGlobalSection
EndGlobal
